Microsoft Visual Studio Solution File, Format Version 12.00
# Visual Studio Version 17
VisualStudioVersion = 17.11.35327.3
MinimumVisualStudioVersion = 10.0.40219.1
Project("{2150E333-8FDC-42A3-9474-1A3956D46DE8}") = "1-firstcode", "1-firstcode", "{EA591A53-3E89-4783-A2D0-BDF651EBCA72}"
EndProject
Project("{9A19103F-16F7-4668-BE54-9A1E7A4F7556}") = "csharp-call-methods", "1-firstcode\2-call-methods\csharp-call-methods.csproj", "{76F4D99E-4E06-49B6-BF99-C2949FAD4291}"
EndProject
Project("{9A19103F-16F7-4668-BE54-9A1E7A4F7556}") = "arrays", "1-firstcode\3-arrays\arrays.csproj", "{02A2C29B-0A9B-46D7-89F7-BE96964D39A2}"
EndProject
Project("{9A19103F-16F7-4668-BE54-9A1E7A4F7556}") = "readable-code", "1-firstcode\4-readable-code\readable-code.csproj", "{9AB04357-C33B-49C5-9FB6-4F831235CD3E}"
EndProject
Project("{9A19103F-16F7-4668-BE54-9A1E7A4F7556}") = "guided-project", "1-firstcode\5-guided-project\guided-project.csproj", "{7AA14CBB-20AD-43F1-9E8D-3932BD35B803}"
EndProject
Project("{2150E333-8FDC-42A3-9474-1A3956D46DE8}") = "3-addlogic", "3-addlogic", "{B7007FE8-5A64-4DA8-A3F0-0671FF8E4A96}"
EndProject
Project("{9A19103F-16F7-4668-BE54-9A1E7A4F7556}") = "1-boolean-expressions", "3-addlogic\1-boolean-expressions\1-boolean-expressions.csproj", "{3A5620AF-7901-4C38-B198-E68A1CC1D685}"
EndProject
Project("{9A19103F-16F7-4668-BE54-9A1E7A4F7556}") = "2-switchcase", "3-addlogic\2-switchcase\2-switchcase.csproj", "{F6466547-4A0A-43C8-8073-9B60602367EB}"
EndProject
Project("{9A19103F-16F7-4668-BE54-9A1E7A4F7556}") = "3-forloops", "3-addlogic\3-forloops\3-forloops.csproj", "{32442EBD-3E2E-4AD4-B2AC-4106ED8ADE1E}"
EndProject
Project("{9A19103F-16F7-4668-BE54-9A1E7A4F7556}") = "4-dowhile", "3-addlogic\4-dowhile\4-dowhile.csproj", "{59244108-4DBE-4BDF-9DAB-684A55BD37FB}"
EndProject
Project("{9A19103F-16F7-4668-BE54-9A1E7A4F7556}") = "5-guidedproject", "3-addlogic\5-guidedproject\5-guidedproject.csproj", "{FADA7B8B-F7A6-46AC-A5D1-64CC28DD9BEC}"
EndProject
Project("{2150E333-8FDC-42A3-9474-1A3956D46DE8}") = "4-datatypes", "4-datatypes", "{E3C730EC-5676-4B45-A62B-3124AD8CCCE4}"
EndProject
Project("{9A19103F-16F7-4668-BE54-9A1E7A4F7556}") = "1-righttype", "4-datatypes\1-righttype\1-righttype.csproj", "{974CADC8-B806-46E3-90F9-731C93D2F137}"
EndProject
Project("{FAE04EC0-301F-11D3-BF4B-00C04F79EFBC}") = "2-conversion", "4-datatypes\2-conversion\2-conversion.csproj", "{DDBA6F0B-685F-41CC-A8BC-5859ACDDBD24}"
EndProject
Project("{FAE04EC0-301F-11D3-BF4B-00C04F79EFBC}") = "3-arrayoperations", "4-datatypes\3-arrayoperations\3-arrayoperations.csproj", "{CB1C53B9-7DBB-4202-B75D-0138C3B8978F}"
EndProject
Project("{FAE04EC0-301F-11D3-BF4B-00C04F79EFBC}") = "4-formating", "4-datatypes\4-formating\4-formating.csproj", "{9F38D4C0-9B26-4271-8894-A4089E23075E}"
EndProject
Project("{FAE04EC0-301F-11D3-BF4B-00C04F79EFBC}") = "5-formating", "4-datatypes\5-formating\5-formating.csproj", "{EA501DE3-74BE-4DEB-9DF1-3D4A5D04F735}"
EndProject
Project("{FAE04EC0-301F-11D3-BF4B-00C04F79EFBC}") = "6-guidedproject", "4-datatypes\6-guidedproject\6-guidedproject.csproj", "{125114BF-2D05-4B6C-BAF2-49712F103103}"
EndProject
Global
	GlobalSection(SolutionConfigurationPlatforms) = preSolution
		Debug|Any CPU = Debug|Any CPU
		Release|Any CPU = Release|Any CPU
	EndGlobalSection
	GlobalSection(ProjectConfigurationPlatforms) = postSolution
		{76F4D99E-4E06-49B6-BF99-C2949FAD4291}.Debug|Any CPU.ActiveCfg = Debug|Any CPU
		{76F4D99E-4E06-49B6-BF99-C2949FAD4291}.Debug|Any CPU.Build.0 = Debug|Any CPU
		{76F4D99E-4E06-49B6-BF99-C2949FAD4291}.Release|Any CPU.ActiveCfg = Release|Any CPU
		{76F4D99E-4E06-49B6-BF99-C2949FAD4291}.Release|Any CPU.Build.0 = Release|Any CPU
		{02A2C29B-0A9B-46D7-89F7-BE96964D39A2}.Debug|Any CPU.ActiveCfg = Debug|Any CPU
		{02A2C29B-0A9B-46D7-89F7-BE96964D39A2}.Debug|Any CPU.Build.0 = Debug|Any CPU
		{02A2C29B-0A9B-46D7-89F7-BE96964D39A2}.Release|Any CPU.ActiveCfg = Release|Any CPU
		{02A2C29B-0A9B-46D7-89F7-BE96964D39A2}.Release|Any CPU.Build.0 = Release|Any CPU
		{9AB04357-C33B-49C5-9FB6-4F831235CD3E}.Debug|Any CPU.ActiveCfg = Debug|Any CPU
		{9AB04357-C33B-49C5-9FB6-4F831235CD3E}.Debug|Any CPU.Build.0 = Debug|Any CPU
		{9AB04357-C33B-49C5-9FB6-4F831235CD3E}.Release|Any CPU.ActiveCfg = Release|Any CPU
		{9AB04357-C33B-49C5-9FB6-4F831235CD3E}.Release|Any CPU.Build.0 = Release|Any CPU
		{7AA14CBB-20AD-43F1-9E8D-3932BD35B803}.Debug|Any CPU.ActiveCfg = Debug|Any CPU
		{7AA14CBB-20AD-43F1-9E8D-3932BD35B803}.Debug|Any CPU.Build.0 = Debug|Any CPU
		{7AA14CBB-20AD-43F1-9E8D-3932BD35B803}.Release|Any CPU.ActiveCfg = Release|Any CPU
		{7AA14CBB-20AD-43F1-9E8D-3932BD35B803}.Release|Any CPU.Build.0 = Release|Any CPU
		{3A5620AF-7901-4C38-B198-E68A1CC1D685}.Debug|Any CPU.ActiveCfg = Debug|Any CPU
		{3A5620AF-7901-4C38-B198-E68A1CC1D685}.Debug|Any CPU.Build.0 = Debug|Any CPU
		{3A5620AF-7901-4C38-B198-E68A1CC1D685}.Release|Any CPU.ActiveCfg = Release|Any CPU
		{3A5620AF-7901-4C38-B198-E68A1CC1D685}.Release|Any CPU.Build.0 = Release|Any CPU
		{F6466547-4A0A-43C8-8073-9B60602367EB}.Debug|Any CPU.ActiveCfg = Debug|Any CPU
		{F6466547-4A0A-43C8-8073-9B60602367EB}.Debug|Any CPU.Build.0 = Debug|Any CPU
		{F6466547-4A0A-43C8-8073-9B60602367EB}.Release|Any CPU.ActiveCfg = Release|Any CPU
		{F6466547-4A0A-43C8-8073-9B60602367EB}.Release|Any CPU.Build.0 = Release|Any CPU
		{32442EBD-3E2E-4AD4-B2AC-4106ED8ADE1E}.Debug|Any CPU.ActiveCfg = Debug|Any CPU
		{32442EBD-3E2E-4AD4-B2AC-4106ED8ADE1E}.Debug|Any CPU.Build.0 = Debug|Any CPU
		{32442EBD-3E2E-4AD4-B2AC-4106ED8ADE1E}.Release|Any CPU.ActiveCfg = Release|Any CPU
		{32442EBD-3E2E-4AD4-B2AC-4106ED8ADE1E}.Release|Any CPU.Build.0 = Release|Any CPU
		{59244108-4DBE-4BDF-9DAB-684A55BD37FB}.Debug|Any CPU.ActiveCfg = Debug|Any CPU
		{59244108-4DBE-4BDF-9DAB-684A55BD37FB}.Debug|Any CPU.Build.0 = Debug|Any CPU
		{59244108-4DBE-4BDF-9DAB-684A55BD37FB}.Release|Any CPU.ActiveCfg = Release|Any CPU
		{59244108-4DBE-4BDF-9DAB-684A55BD37FB}.Release|Any CPU.Build.0 = Release|Any CPU
		{FADA7B8B-F7A6-46AC-A5D1-64CC28DD9BEC}.Debug|Any CPU.ActiveCfg = Debug|Any CPU
		{FADA7B8B-F7A6-46AC-A5D1-64CC28DD9BEC}.Debug|Any CPU.Build.0 = Debug|Any CPU
		{FADA7B8B-F7A6-46AC-A5D1-64CC28DD9BEC}.Release|Any CPU.ActiveCfg = Release|Any CPU
		{FADA7B8B-F7A6-46AC-A5D1-64CC28DD9BEC}.Release|Any CPU.Build.0 = Release|Any CPU
		{974CADC8-B806-46E3-90F9-731C93D2F137}.Debug|Any CPU.ActiveCfg = Debug|Any CPU
		{974CADC8-B806-46E3-90F9-731C93D2F137}.Debug|Any CPU.Build.0 = Debug|Any CPU
		{974CADC8-B806-46E3-90F9-731C93D2F137}.Release|Any CPU.ActiveCfg = Release|Any CPU
		{974CADC8-B806-46E3-90F9-731C93D2F137}.Release|Any CPU.Build.0 = Release|Any CPU
		{DDBA6F0B-685F-41CC-A8BC-5859ACDDBD24}.Debug|Any CPU.ActiveCfg = Debug|Any CPU
		{DDBA6F0B-685F-41CC-A8BC-5859ACDDBD24}.Debug|Any CPU.Build.0 = Debug|Any CPU
		{DDBA6F0B-685F-41CC-A8BC-5859ACDDBD24}.Release|Any CPU.ActiveCfg = Release|Any CPU
		{DDBA6F0B-685F-41CC-A8BC-5859ACDDBD24}.Release|Any CPU.Build.0 = Release|Any CPU
		{CB1C53B9-7DBB-4202-B75D-0138C3B8978F}.Debug|Any CPU.ActiveCfg = Debug|Any CPU
		{CB1C53B9-7DBB-4202-B75D-0138C3B8978F}.Debug|Any CPU.Build.0 = Debug|Any CPU
		{CB1C53B9-7DBB-4202-B75D-0138C3B8978F}.Release|Any CPU.ActiveCfg = Release|Any CPU
		{CB1C53B9-7DBB-4202-B75D-0138C3B8978F}.Release|Any CPU.Build.0 = Release|Any CPU
		{9F38D4C0-9B26-4271-8894-A4089E23075E}.Debug|Any CPU.ActiveCfg = Debug|Any CPU
		{9F38D4C0-9B26-4271-8894-A4089E23075E}.Debug|Any CPU.Build.0 = Debug|Any CPU
		{9F38D4C0-9B26-4271-8894-A4089E23075E}.Release|Any CPU.ActiveCfg = Release|Any CPU
		{9F38D4C0-9B26-4271-8894-A4089E23075E}.Release|Any CPU.Build.0 = Release|Any CPU
		{EA501DE3-74BE-4DEB-9DF1-3D4A5D04F735}.Debug|Any CPU.ActiveCfg = Debug|Any CPU
		{EA501DE3-74BE-4DEB-9DF1-3D4A5D04F735}.Debug|Any CPU.Build.0 = Debug|Any CPU
		{EA501DE3-74BE-4DEB-9DF1-3D4A5D04F735}.Release|Any CPU.ActiveCfg = Release|Any CPU
		{EA501DE3-74BE-4DEB-9DF1-3D4A5D04F735}.Release|Any CPU.Build.0 = Release|Any CPU
		{125114BF-2D05-4B6C-BAF2-49712F103103}.Debug|Any CPU.ActiveCfg = Debug|Any CPU
		{125114BF-2D05-4B6C-BAF2-49712F103103}.Debug|Any CPU.Build.0 = Debug|Any CPU
		{125114BF-2D05-4B6C-BAF2-49712F103103}.Release|Any CPU.ActiveCfg = Release|Any CPU
		{125114BF-2D05-4B6C-BAF2-49712F103103}.Release|Any CPU.Build.0 = Release|Any CPU
	EndGlobalSection
	GlobalSection(SolutionProperties) = preSolution
		HideSolutionNode = FALSE
	EndGlobalSection
	GlobalSection(NestedProjects) = preSolution
		{76F4D99E-4E06-49B6-BF99-C2949FAD4291} = {EA591A53-3E89-4783-A2D0-BDF651EBCA72}
		{02A2C29B-0A9B-46D7-89F7-BE96964D39A2} = {EA591A53-3E89-4783-A2D0-BDF651EBCA72}
		{9AB04357-C33B-49C5-9FB6-4F831235CD3E} = {EA591A53-3E89-4783-A2D0-BDF651EBCA72}
		{7AA14CBB-20AD-43F1-9E8D-3932BD35B803} = {EA591A53-3E89-4783-A2D0-BDF651EBCA72}
		{3A5620AF-7901-4C38-B198-E68A1CC1D685} = {B7007FE8-5A64-4DA8-A3F0-0671FF8E4A96}
		{F6466547-4A0A-43C8-8073-9B60602367EB} = {B7007FE8-5A64-4DA8-A3F0-0671FF8E4A96}
		{32442EBD-3E2E-4AD4-B2AC-4106ED8ADE1E} = {B7007FE8-5A64-4DA8-A3F0-0671FF8E4A96}
		{59244108-4DBE-4BDF-9DAB-684A55BD37FB} = {B7007FE8-5A64-4DA8-A3F0-0671FF8E4A96}
		{FADA7B8B-F7A6-46AC-A5D1-64CC28DD9BEC} = {B7007FE8-5A64-4DA8-A3F0-0671FF8E4A96}
		{974CADC8-B806-46E3-90F9-731C93D2F137} = {E3C730EC-5676-4B45-A62B-3124AD8CCCE4}
		{DDBA6F0B-685F-41CC-A8BC-5859ACDDBD24} = {E3C730EC-5676-4B45-A62B-3124AD8CCCE4}
		{CB1C53B9-7DBB-4202-B75D-0138C3B8978F} = {E3C730EC-5676-4B45-A62B-3124AD8CCCE4}
		{9F38D4C0-9B26-4271-8894-A4089E23075E} = {E3C730EC-5676-4B45-A62B-3124AD8CCCE4}
		{EA501DE3-74BE-4DEB-9DF1-3D4A5D04F735} = {E3C730EC-5676-4B45-A62B-3124AD8CCCE4}
		{125114BF-2D05-4B6C-BAF2-49712F103103} = {E3C730EC-5676-4B45-A62B-3124AD8CCCE4}
	EndGlobalSection
	GlobalSection(ExtensibilityGlobals) = postSolution
		SolutionGuid = {BBC6042E-0108-40E5-8102-E355093985FC}
	EndGlobalSection
EndGlobal
